
Microsoft Visual Studio Solution File, Format Version 12.00
# Visual Studio Version 17
VisualStudioVersion = 17.2.32616.157
MinimumVisualStudioVersion = 10.0.40219.1
Project("{FAE04EC0-301F-11D3-BF4B-00C04F79EFBC}") = "NWProductService", "NWProductService\NWProductService.csproj", "{578E025F-D93E-4370-9984-ACE1F3A14B9E}"
EndProject
Project("{FAE04EC0-301F-11D3-BF4B-00C04F79EFBC}") = "NWWebUI", "NWWebUI\NWWebUI.csproj", "{5D355CA1-A26F-42B3-AFED-D8C0EE7A605A}"
EndProject
Global
	GlobalSection(SolutionConfigurationPlatforms) = preSolution
		Debug|Any CPU = Debug|Any CPU
		Release|Any CPU = Release|Any CPU
	EndGlobalSection
	GlobalSection(ProjectConfigurationPlatforms) = postSolution
		{578E025F-D93E-4370-9984-ACE1F3A14B9E}.Debug|Any CPU.ActiveCfg = Debug|Any CPU
		{578E025F-D93E-4370-9984-ACE1F3A14B9E}.Debug|Any CPU.Build.0 = Debug|Any CPU
		{578E025F-D93E-4370-9984-ACE1F3A14B9E}.Release|Any CPU.ActiveCfg = Release|Any CPU
		{578E025F-D93E-4370-9984-ACE1F3A14B9E}.Release|Any CPU.Build.0 = Release|Any CPU
		{5D355CA1-A26F-42B3-AFED-D8C0EE7A605A}.Debug|Any CPU.ActiveCfg = Debug|Any CPU
		{5D355CA1-A26F-42B3-AFED-D8C0EE7A605A}.Debug|Any CPU.Build.0 = Debug|Any CPU
		{5D355CA1-A26F-42B3-AFED-D8C0EE7A605A}.Release|Any CPU.ActiveCfg = Release|Any CPU
		{5D355CA1-A26F-42B3-AFED-D8C0EE7A605A}.Release|Any CPU.Build.0 = Release|Any CPU
	EndGlobalSection
	GlobalSection(SolutionProperties) = preSolution
		HideSolutionNode = FALSE
	EndGlobalSection
	GlobalSection(ExtensibilityGlobals) = postSolution
		SolutionGuid = {2ADE31D0-BDF8-4306-AB43-F66BD4737D89}
	EndGlobalSection
EndGlobal
